
Microsoft Visual Studio Solution File, Format Version 12.00
# Visual Studio 15
VisualStudioVersion = 15.0.28307.136
MinimumVisualStudioVersion = 10.0.40219.1
Project("{159641D6-6404-4A2A-AE62-294DE0FE8301}") = "ssis", "ssis\ssis.dtproj", "{3AA4F754-F431-4600-9042-87D28E731F0B}"
EndProject
Global
	GlobalSection(SolutionConfigurationPlatforms) = preSolution
		Development|Default = Development|Default
	EndGlobalSection
	GlobalSection(ProjectConfigurationPlatforms) = postSolution
		{3AA4F754-F431-4600-9042-87D28E731F0B}.Development|Default.ActiveCfg = Development
		{3AA4F754-F431-4600-9042-87D28E731F0B}.Development|Default.Build.0 = Development
	EndGlobalSection
	GlobalSection(SolutionProperties) = preSolution
		HideSolutionNode = FALSE
	EndGlobalSection
	GlobalSection(ExtensibilityGlobals) = postSolution
		SolutionGuid = {A6C50267-8470-4638-9B64-6D2315C55F8C}
	EndGlobalSection
EndGlobal
